// !$*UTF8*$!
{
	archiveVersion = 1;
	classes = {
	};
	objectVersion = 55;
	objects = {

/* Begin PBXBuildFile section */
		B7F1E92E27FCECB500759990 /* AppDelegate.swift in Sources */ = {isa = PBXBuildFile; fileRef = B7F1E92D27FCECB500759990 /* AppDelegate.swift */; };
		B7F1E93027FCECB500759990 /* SceneDelegate.swift in Sources */ = {isa = PBXBuildFile; fileRef = B7F1E92F27FCECB500759990 /* SceneDelegate.swift */; };
		B7F1E93227FCECB500759990 /* ViewController.swift in Sources */ = {isa = PBXBuildFile; fileRef = B7F1E93127FCECB500759990 /* ViewController.swift */; };
		B7F1E93527FCECB500759990 /* Main.storyboard in Resources */ = {isa = PBXBuildFile; fileRef = B7F1E93327FCECB500759990 /* Main.storyboard */; };
		B7F1E93727FCECB700759990 /* Assets.xcassets in Resources */ = {isa = PBXBuildFile; fileRef = B7F1E93627FCECB700759990 /* Assets.xcassets */; };
		B7F1E93A27FCECB700759990 /* LaunchScreen.storyboard in Resources */ = {isa = PBXBuildFile; fileRef = B7F1E93827FCECB700759990 /* LaunchScreen.storyboard */; };
		B7F1E94527FCECB700759990 /* PlantCareTests.swift in Sources */ = {isa = PBXBuildFile; fileRef = B7F1E94427FCECB700759990 /* PlantCareTests.swift */; };
		B7F1E94F27FCECB700759990 /* PlantCareUITests.swift in Sources */ = {isa = PBXBuildFile; fileRef = B7F1E94E27FCECB700759990 /* PlantCareUITests.swift */; };
		B7F1E95127FCECB700759990 /* PlantCareUITestsLaunchTests.swift in Sources */ = {isa = PBXBuildFile; fileRef = B7F1E95027FCECB700759990 /* PlantCareUITestsLaunchTests.swift */; };
		D13EA48627FF93F40038E0DC /* PlantNameViewController.swift in Sources */ = {isa = PBXBuildFile; fileRef = D13EA48527FF93F40038E0DC /* PlantNameViewController.swift */; };
		D13EA48827FF94B00038E0DC /* LocationViewController.swift in Sources */ = {isa = PBXBuildFile; fileRef = D13EA48727FF94B00038E0DC /* LocationViewController.swift */; };
		DF81643687F549E90BBB9241 /* Pods_PlantCare.framework in Frameworks */ = {isa = PBXBuildFile; fileRef = 44F4C07862F253FF003135C6 /* Pods_PlantCare.framework */; };
/* End PBXBuildFile section */

/* Begin PBXContainerItemProxy section */
		B7F1E94127FCECB700759990 /* PBXContainerItemProxy */ = {
			isa = PBXContainerItemProxy;
			containerPortal = B7F1E92227FCECB500759990 /* Project object */;
			proxyType = 1;
			remoteGlobalIDString = B7F1E92927FCECB500759990;
			remoteInfo = PlantCare;
		};
		B7F1E94B27FCECB700759990 /* PBXContainerItemProxy */ = {
			isa = PBXContainerItemProxy;
			containerPortal = B7F1E92227FCECB500759990 /* Project object */;
			proxyType = 1;
			remoteGlobalIDString = B7F1E92927FCECB500759990;
			remoteInfo = PlantCare;
		};
/* End PBXContainerItemProxy section */

/* Begin PBXFileReference section */
		44F4C07862F253FF003135C6 /* Pods_PlantCare.framework */ = {isa = PBXFileReference; explicitFileType = wrapper.framework; includeInIndex = 0; path = Pods_PlantCare.framework; sourceTree = BUILT_PRODUCTS_DIR; };
		771A5F0A293E747C32DEC69A /* Pods-PlantCare.debug.xcconfig */ = {isa = PBXFileReference; includeInIndex = 1; lastKnownFileType = text.xcconfig; name = "Pods-PlantCare.debug.xcconfig"; path = "Target Support Files/Pods-PlantCare/Pods-PlantCare.debug.xcconfig"; sourceTree = "<group>"; };
		B45A0F618998272190E97844 /* Pods-PlantCare.release.xcconfig */ = {isa = PBXFileReference; includeInIndex = 1; lastKnownFileType = text.xcconfig; name = "Pods-PlantCare.release.xcconfig"; path = "Target Support Files/Pods-PlantCare/Pods-PlantCare.release.xcconfig"; sourceTree = "<group>"; };
		B7F1E92A27FCECB500759990 /* PlantCare.app */ = {isa = PBXFileReference; explicitFileType = wrapper.application; includeInIndex = 0; path = PlantCare.app; sourceTree = BUILT_PRODUCTS_DIR; };
		B7F1E92D27FCECB500759990 /* AppDelegate.swift */ = {isa = PBXFileReference; lastKnownFileType = sourcecode.swift; path = AppDelegate.swift; sourceTree = "<group>"; };
		B7F1E92F27FCECB500759990 /* SceneDelegate.swift */ = {isa = PBXFileReference; lastKnownFileType = sourcecode.swift; path = SceneDelegate.swift; sourceTree = "<group>"; };
		B7F1E93127FCECB500759990 /* ViewController.swift */ = {isa = PBXFileReference; lastKnownFileType = sourcecode.swift; path = ViewController.swift; sourceTree = "<group>"; };
		B7F1E93427FCECB500759990 /* Base */ = {isa = PBXFileReference; lastKnownFileType = file.storyboard; name = Base; path = Base.lproj/Main.storyboard; sourceTree = "<group>"; };
		B7F1E93627FCECB700759990 /* Assets.xcassets */ = {isa = PBXFileReference; lastKnownFileType = folder.assetcatalog; path = Assets.xcassets; sourceTree = "<group>"; };
		B7F1E93927FCECB700759990 /* Base */ = {isa = PBXFileReference; lastKnownFileType = file.storyboard; name = Base; path = Base.lproj/LaunchScreen.storyboard; sourceTree = "<group>"; };
		B7F1E93B27FCECB700759990 /* Info.plist */ = {isa = PBXFileReference; lastKnownFileType = text.plist.xml; path = Info.plist; sourceTree = "<group>"; };
		B7F1E94027FCECB700759990 /* PlantCareTests.xctest */ = {isa = PBXFileReference; explicitFileType = wrapper.cfbundle; includeInIndex = 0; path = PlantCareTests.xctest; sourceTree = BUILT_PRODUCTS_DIR; };
		B7F1E94427FCECB700759990 /* PlantCareTests.swift */ = {isa = PBXFileReference; lastKnownFileType = sourcecode.swift; path = PlantCareTests.swift; sourceTree = "<group>"; };
		B7F1E94A27FCECB700759990 /* PlantCareUITests.xctest */ = {isa = PBXFileReference; explicitFileType = wrapper.cfbundle; includeInIndex = 0; path = PlantCareUITests.xctest; sourceTree = BUILT_PRODUCTS_DIR; };
		B7F1E94E27FCECB700759990 /* PlantCareUITests.swift */ = {isa = PBXFileReference; lastKnownFileType = sourcecode.swift; path = PlantCareUITests.swift; sourceTree = "<group>"; };
		B7F1E95027FCECB700759990 /* PlantCareUITestsLaunchTests.swift */ = {isa = PBXFileReference; lastKnownFileType = sourcecode.swift; path = PlantCareUITestsLaunchTests.swift; sourceTree = "<group>"; };
		D13EA48527FF93F40038E0DC /* PlantNameViewController.swift */ = {isa = PBXFileReference; lastKnownFileType = sourcecode.swift; path = PlantNameViewController.swift; sourceTree = "<group>"; };
		D13EA48727FF94B00038E0DC /* LocationViewController.swift */ = {isa = PBXFileReference; lastKnownFileType = sourcecode.swift; path = LocationViewController.swift; sourceTree = "<group>"; };
/* End PBXFileReference section */

/* Begin PBXFrameworksBuildPhase section */
		B7F1E92727FCECB500759990 /* Frameworks */ = {
			isa = PBXFrameworksBuildPhase;
			buildActionMask = 2147483647;
			files = (
				DF81643687F549E90BBB9241 /* Pods_PlantCare.framework in Frameworks */,
			);
			runOnlyForDeploymentPostprocessing = 0;
		};
		B7F1E93D27FCECB700759990 /* Frameworks */ = {
			isa = PBXFrameworksBuildPhase;
			buildActionMask = 2147483647;
			files = (
			);
			runOnlyForDeploymentPostprocessing = 0;
		};
		B7F1E94727FCECB700759990 /* Frameworks */ = {
			isa = PBXFrameworksBuildPhase;
			buildActionMask = 2147483647;
			files = (
			);
			runOnlyForDeploymentPostprocessing = 0;
		};
/* End PBXFrameworksBuildPhase section */

/* Begin PBXGroup section */
		4C8114031341A06C42D1B5C9 /* Pods */ = {
			isa = PBXGroup;
			children = (
				771A5F0A293E747C32DEC69A /* Pods-PlantCare.debug.xcconfig */,
				B45A0F618998272190E97844 /* Pods-PlantCare.release.xcconfig */,
			);
			path = Pods;
			sourceTree = "<group>";
		};
		A4C17D64F6719DF313D390D1 /* Frameworks */ = {
			isa = PBXGroup;
			children = (
				44F4C07862F253FF003135C6 /* Pods_PlantCare.framework */,
			);
			name = Frameworks;
			sourceTree = "<group>";
		};
		B7F1E92127FCECB500759990 = {
			isa = PBXGroup;
			children = (
				B7F1E92C27FCECB500759990 /* PlantCare */,
				B7F1E94327FCECB700759990 /* PlantCareTests */,
				B7F1E94D27FCECB700759990 /* PlantCareUITests */,
				B7F1E92B27FCECB500759990 /* Products */,
				4C8114031341A06C42D1B5C9 /* Pods */,
				A4C17D64F6719DF313D390D1 /* Frameworks */,
			);
			sourceTree = "<group>";
		};
		B7F1E92B27FCECB500759990 /* Products */ = {
			isa = PBXGroup;
			children = (
				B7F1E92A27FCECB500759990 /* PlantCare.app */,
				B7F1E94027FCECB700759990 /* PlantCareTests.xctest */,
				B7F1E94A27FCECB700759990 /* PlantCareUITests.xctest */,
			);
			name = Products;
			sourceTree = "<group>";
		};
		B7F1E92C27FCECB500759990 /* PlantCare */ = {
			isa = PBXGroup;
			children = (
				B7F1E92D27FCECB500759990 /* AppDelegate.swift */,
				B7F1E92F27FCECB500759990 /* SceneDelegate.swift */,
				B7F1E93127FCECB500759990 /* ViewController.swift */,
				B7F1E93327FCECB500759990 /* Main.storyboard */,
				B7F1E93627FCECB700759990 /* Assets.xcassets */,
				B7F1E93827FCECB700759990 /* LaunchScreen.storyboard */,
				B7F1E93B27FCECB700759990 /* Info.plist */,
				D13EA48727FF94B00038E0DC /* LocationViewController.swift */,
				D13EA48527FF93F40038E0DC /* PlantNameViewController.swift */,
			);
			path = PlantCare;
			sourceTree = "<group>";
		};
		B7F1E94327FCECB700759990 /* PlantCareTests */ = {
			isa = PBXGroup;
			children = (
				B7F1E94427FCECB700759990 /* PlantCareTests.swift */,
			);
			path = PlantCareTests;
			sourceTree = "<group>";
		};
		B7F1E94D27FCECB700759990 /* PlantCareUITests */ = {
			isa = PBXGroup;
			children = (
				B7F1E94E27FCECB700759990 /* PlantCareUITests.swift */,
				B7F1E95027FCECB700759990 /* PlantCareUITestsLaunchTests.swift */,
			);
			path = PlantCareUITests;
			sourceTree = "<group>";
		};
/* End PBXGroup section */

/* Begin PBXNativeTarget section */
		B7F1E92927FCECB500759990 /* PlantCare */ = {
			isa = PBXNativeTarget;
			buildConfigurationList = B7F1E95427FCECB700759990 /* Build configuration list for PBXNativeTarget "PlantCare" */;
			buildPhases = (
				A06C6F093BBA915F02849677 /* [CP] Check Pods Manifest.lock */,
				B7F1E92627FCECB500759990 /* Sources */,
				B7F1E92727FCECB500759990 /* Frameworks */,
				B7F1E92827FCECB500759990 /* Resources */,
				B99DF83856C6635A78102C88 /* [CP] Embed Pods Frameworks */,
			);
			buildRules = (
			);
			dependencies = (
			);
			name = PlantCare;
			productName = PlantCare;
			productReference = B7F1E92A27FCECB500759990 /* PlantCare.app */;
			productType = "com.apple.product-type.application";
		};
		B7F1E93F27FCECB700759990 /* PlantCareTests */ = {
			isa = PBXNativeTarget;
			buildConfigurationList = B7F1E95727FCECB700759990 /* Build configuration list for PBXNativeTarget "PlantCareTests" */;
			buildPhases = (
				B7F1E93C27FCECB700759990 /* Sources */,
				B7F1E93D27FCECB700759990 /* Frameworks */,
				B7F1E93E27FCECB700759990 /* Resources */,
			);
			buildRules = (
			);
			dependencies = (
				B7F1E94227FCECB700759990 /* PBXTargetDependency */,
			);
			name = PlantCareTests;
			productName = PlantCareTests;
			productReference = B7F1E94027FCECB700759990 /* PlantCareTests.xctest */;
			productType = "com.apple.product-type.bundle.unit-test";
		};
		B7F1E94927FCECB700759990 /* PlantCareUITests */ = {
			isa = PBXNativeTarget;
			buildConfigurationList = B7F1E95A27FCECB700759990 /* Build configuration list for PBXNativeTarget "PlantCareUITests" */;
			buildPhases = (
				B7F1E94627FCECB700759990 /* Sources */,
				B7F1E94727FCECB700759990 /* Frameworks */,
				B7F1E94827FCECB700759990 /* Resources */,
			);
			buildRules = (
			);
			dependencies = (
				B7F1E94C27FCECB700759990 /* PBXTargetDependency */,
			);
			name = PlantCareUITests;
			productName = PlantCareUITests;
			productReference = B7F1E94A27FCECB700759990 /* PlantCareUITests.xctest */;
			productType = "com.apple.product-type.bundle.ui-testing";
		};
/* End PBXNativeTarget section */

/* Begin PBXProject section */
		B7F1E92227FCECB500759990 /* Project object */ = {
			isa = PBXProject;
			attributes = {
				BuildIndependentTargetsInParallel = 1;
				LastSwiftUpdateCheck = 1320;
				LastUpgradeCheck = 1320;
				TargetAttributes = {
					B7F1E92927FCECB500759990 = {
						CreatedOnToolsVersion = 13.2.1;
					};
					B7F1E93F27FCECB700759990 = {
						CreatedOnToolsVersion = 13.2.1;
						TestTargetID = B7F1E92927FCECB500759990;
					};
					B7F1E94927FCECB700759990 = {
						CreatedOnToolsVersion = 13.2.1;
						TestTargetID = B7F1E92927FCECB500759990;
					};
				};
			};
			buildConfigurationList = B7F1E92527FCECB500759990 /* Build configuration list for PBXProject "PlantCare" */;
			compatibilityVersion = "Xcode 13.0";
			developmentRegion = en;
			hasScannedForEncodings = 0;
			knownRegions = (
				en,
				Base,
			);
			mainGroup = B7F1E92127FCECB500759990;
			productRefGroup = B7F1E92B27FCECB500759990 /* Products */;
			projectDirPath = "";
			projectRoot = "";
			targets = (
				B7F1E92927FCECB500759990 /* PlantCare */,
				B7F1E93F27FCECB700759990 /* PlantCareTests */,
				B7F1E94927FCECB700759990 /* PlantCareUITests */,
			);
		};
/* End PBXProject section */

/* Begin PBXResourcesBuildPhase section */
		B7F1E92827FCECB500759990 /* Resources */ = {
			isa = PBXResourcesBuildPhase;
			buildActionMask = 2147483647;
			files = (
				B7F1E93A27FCECB700759990 /* LaunchScreen.storyboard in Resources */,
				B7F1E93727FCECB700759990 /* Assets.xcassets in Resources */,
				B7F1E93527FCECB500759990 /* Main.storyboard in Resources */,
			);
			runOnlyForDeploymentPostprocessing = 0;
		};
		B7F1E93E27FCECB700759990 /* Resources */ = {
			isa = PBXResourcesBuildPhase;
			buildActionMask = 2147483647;
			files = (
			);
			runOnlyForDeploymentPostprocessing = 0;
		};
		B7F1E94827FCECB700759990 /* Resources */ = {
			isa = PBXResourcesBuildPhase;
			buildActionMask = 2147483647;
			files = (
			);
			runOnlyForDeploymentPostprocessing = 0;
		};
/* End PBXResourcesBuildPhase section */

/* Begin PBXShellScriptBuildPhase section */
		A06C6F093BBA915F02849677 /* [CP] Check Pods Manifest.lock */ = {
			isa = PBXShellScriptBuildPhase;
			buildActionMask = 2147483647;
			files = (
			);
			inputFileListPaths = (
			);
			inputPaths = (
				"${PODS_PODFILE_DIR_PATH}/Podfile.lock",
				"${PODS_ROOT}/Manifest.lock",
			);
			name = "[CP] Check Pods Manifest.lock";
			outputFileListPaths = (
			);
			outputPaths = (
				"$(DERIVED_FILE_DIR)/Pods-PlantCare-checkManifestLockResult.txt",
			);
			runOnlyForDeploymentPostprocessing = 0;
			shellPath = /bin/sh;
			shellScript = "diff \"${PODS_PODFILE_DIR_PATH}/Podfile.lock\" \"${PODS_ROOT}/Manifest.lock\" > /dev/null\nif [ $? != 0 ] ; then\n    # print error to STDERR\n    echo \"error: The sandbox is not in sync with the Podfile.lock. Run 'pod install' or update your CocoaPods installation.\" >&2\n    exit 1\nfi\n# This output is used by Xcode 'outputs' to avoid re-running this script phase.\necho \"SUCCESS\" > \"${SCRIPT_OUTPUT_FILE_0}\"\n";
			showEnvVarsInLog = 0;
		};
		B99DF83856C6635A78102C88 /* [CP] Embed Pods Frameworks */ = {
			isa = PBXShellScriptBuildPhase;
			buildActionMask = 2147483647;
			files = (
			);
			inputFileListPaths = (
				"${PODS_ROOT}/Target Support Files/Pods-PlantCare/Pods-PlantCare-frameworks-${CONFIGURATION}-input-files.xcfilelist",
			);
			name = "[CP] Embed Pods Frameworks";
			outputFileListPaths = (
				"${PODS_ROOT}/Target Support Files/Pods-PlantCare/Pods-PlantCare-frameworks-${CONFIGURATION}-output-files.xcfilelist",
			);
			runOnlyForDeploymentPostprocessing = 0;
			shellPath = /bin/sh;
			shellScript = "\"${PODS_ROOT}/Target Support Files/Pods-PlantCare/Pods-PlantCare-frameworks.sh\"\n";
			showEnvVarsInLog = 0;
		};
/* End PBXShellScriptBuildPhase section */

/* Begin PBXSourcesBuildPhase section */
		B7F1E92627FCECB500759990 /* Sources */ = {
			isa = PBXSourcesBuildPhase;
			buildActionMask = 2147483647;
			files = (
				D13EA48827FF94B00038E0DC /* LocationViewController.swift in Sources */,
				B7F1E93227FCECB500759990 /* ViewController.swift in Sources */,
				B7F1E92E27FCECB500759990 /* AppDelegate.swift in Sources */,
				D13EA48627FF93F40038E0DC /* PlantNameViewController.swift in Sources */,
				B7F1E93027FCECB500759990 /* SceneDelegate.swift in Sources */,
			);
			runOnlyForDeploymentPostprocessing = 0;
		};
		B7F1E93C27FCECB700759990 /* Sources */ = {
			isa = PBXSourcesBuildPhase;
			buildActionMask = 2147483647;
			files = (
				B7F1E94527FCECB700759990 /* PlantCareTests.swift in Sources */,
			);
			runOnlyForDeploymentPostprocessing = 0;
		};
		B7F1E94627FCECB700759990 /* Sources */ = {
			isa = PBXSourcesBuildPhase;
			buildActionMask = 2147483647;
			files = (
				B7F1E94F27FCECB700759990 /* PlantCareUITests.swift in Sources */,
				B7F1E95127FCECB700759990 /* PlantCareUITestsLaunchTests.swift in Sources */,
			);
			runOnlyForDeploymentPostprocessing = 0;
		};
/* End PBXSourcesBuildPhase section */

/* Begin PBXTargetDependency section */
		B7F1E94227FCECB700759990 /* PBXTargetDependency */ = {
			isa = PBXTargetDependency;
			target = B7F1E92927FCECB500759990 /* PlantCare */;
			targetProxy = B7F1E94127FCECB700759990 /* PBXContainerItemProxy */;
		};
		B7F1E94C27FCECB700759990 /* PBXTargetDependency */ = {
			isa = PBXTargetDependency;
			target = B7F1E92927FCECB500759990 /* PlantCare */;
			targetProxy = B7F1E94B27FCECB700759990 /* PBXContainerItemProxy */;
		};
/* End PBXTargetDependency section */

/* Begin PBXVariantGroup section */
		B7F1E93327FCECB500759990 /* Main.storyboard */ = {
			isa = PBXVariantGroup;
			children = (
				B7F1E93427FCECB500759990 /* Base */,
			);
			name = Main.storyboard;
			sourceTree = "<group>";
		};
		B7F1E93827FCECB700759990 /* LaunchScreen.storyboard */ = {
			isa = PBXVariantGroup;
			children = (
				B7F1E93927FCECB700759990 /* Base */,
			);
			name = LaunchScreen.storyboard;
			sourceTree = "<group>";
		};
/* End PBXVariantGroup section */

/* Begin XCBuildConfiguration section */
		B7F1E95227FCECB700759990 /* Debug */ = {
			isa = XCBuildConfiguration;
			buildSettings = {
				ALWAYS_SEARCH_USER_PATHS = NO;
				CLANG_ANALYZER_NONNULL = YES;
				CLANG_ANALYZER_NUMBER_OBJECT_CONVERSION = YES_AGGRESSIVE;
				CLANG_CXX_LANGUAGE_STANDARD = "gnu++17";
				CLANG_CXX_LIBRARY = "libc++";
				CLANG_ENABLE_MODULES = YES;
				CLANG_ENABLE_OBJC_ARC = YES;
				CLANG_ENABLE_OBJC_WEAK = YES;
				CLANG_WARN_BLOCK_CAPTURE_AUTORELEASING = YES;
				CLANG_WARN_BOOL_CONVERSION = YES;
				CLANG_WARN_COMMA = YES;
				CLANG_WARN_CONSTANT_CONVERSION = YES;
				CLANG_WARN_DEPRECATED_OBJC_IMPLEMENTATIONS = YES;
				CLANG_WARN_DIRECT_OBJC_ISA_USAGE = YES_ERROR;
				CLANG_WARN_DOCUMENTATION_COMMENTS = YES;
				CLANG_WARN_EMPTY_BODY = YES;
				CLANG_WARN_ENUM_CONVERSION = YES;
				CLANG_WARN_INFINITE_RECURSION = YES;
				CLANG_WARN_INT_CONVERSION = YES;
				CLANG_WARN_NON_LITERAL_NULL_CONVERSION = YES;
				CLANG_WARN_OBJC_IMPLICIT_RETAIN_SELF = YES;
				CLANG_WARN_OBJC_LITERAL_CONVERSION = YES;
				CLANG_WARN_OBJC_ROOT_CLASS = YES_ERROR;
				CLANG_WARN_QUOTED_INCLUDE_IN_FRAMEWORK_HEADER = YES;
				CLANG_WARN_RANGE_LOOP_ANALYSIS = YES;
				CLANG_WARN_STRICT_PROTOTYPES = YES;
				CLANG_WARN_SUSPICIOUS_MOVE = YES;
				CLANG_WARN_UNGUARDED_AVAILABILITY = YES_AGGRESSIVE;
				CLANG_WARN_UNREACHABLE_CODE = YES;
				CLANG_WARN__DUPLICATE_METHOD_MATCH = YES;
				COPY_PHASE_STRIP = NO;
				DEBUG_INFORMATION_FORMAT = dwarf;
				ENABLE_STRICT_OBJC_MSGSEND = YES;
				ENABLE_TESTABILITY = YES;
				GCC_C_LANGUAGE_STANDARD = gnu11;
				GCC_DYNAMIC_NO_PIC = NO;
				GCC_NO_COMMON_BLOCKS = YES;
				GCC_OPTIMIZATION_LEVEL = 0;
				GCC_PREPROCESSOR_DEFINITIONS = (
					"DEBUG=1",
					"$(inherited)",
				);
				GCC_WARN_64_TO_32_BIT_CONVERSION = YES;
				GCC_WARN_ABOUT_RETURN_TYPE = YES_ERROR;
				GCC_WARN_UNDECLARED_SELECTOR = YES;
				GCC_WARN_UNINITIALIZED_AUTOS = YES_AGGRESSIVE;
				GCC_WARN_UNUSED_FUNCTION = YES;
				GCC_WARN_UNUSED_VARIABLE = YES;
				IPHONEOS_DEPLOYMENT_TARGET = 15.2;
				MTL_ENABLE_DEBUG_INFO = INCLUDE_SOURCE;
				MTL_FAST_MATH = YES;
				ONLY_ACTIVE_ARCH = YES;
				SDKROOT = iphoneos;
				SWIFT_ACTIVE_COMPILATION_CONDITIONS = DEBUG;
				SWIFT_OPTIMIZATION_LEVEL = "-Onone";
			};
			name = Debug;
		};
		B7F1E95327FCECB700759990 /* Release */ = {
			isa = XCBuildConfiguration;
			buildSettings = {
				ALWAYS_SEARCH_USER_PATHS = NO;
				CLANG_ANALYZER_NONNULL = YES;
				CLANG_ANALYZER_NUMBER_OBJECT_CONVERSION = YES_AGGRESSIVE;
				CLANG_CXX_LANGUAGE_STANDARD = "gnu++17";
				CLANG_CXX_LIBRARY = "libc++";
				CLANG_ENABLE_MODULES = YES;
				CLANG_ENABLE_OBJC_ARC = YES;
				CLANG_ENABLE_OBJC_WEAK = YES;
				CLANG_WARN_BLOCK_CAPTURE_AUTORELEASING = YES;
				CLANG_WARN_BOOL_CONVERSION = YES;
				CLANG_WARN_COMMA = YES;
				CLANG_WARN_CONSTANT_CONVERSION = YES;
				CLANG_WARN_DEPRECATED_OBJC_IMPLEMENTATIONS = YES;
				CLANG_WARN_DIRECT_OBJC_ISA_USAGE = YES_ERROR;
				CLANG_WARN_DOCUMENTATION_COMMENTS = YES;
				CLANG_WARN_EMPTY_BODY = YES;
				CLANG_WARN_ENUM_CONVERSION = YES;
				CLANG_WARN_INFINITE_RECURSION = YES;
				CLANG_WARN_INT_CONVERSION = YES;
				CLANG_WARN_NON_LITERAL_NULL_CONVERSION = YES;
				CLANG_WARN_OBJC_IMPLICIT_RETAIN_SELF = YES;
				CLANG_WARN_OBJC_LITERAL_CONVERSION = YES;
				CLANG_WARN_OBJC_ROOT_CLASS = YES_ERROR;
				CLANG_WARN_QUOTED_INCLUDE_IN_FRAMEWORK_HEADER = YES;
				CLANG_WARN_RANGE_LOOP_ANALYSIS = YES;
				CLANG_WARN_STRICT_PROTOTYPES = YES;
				CLANG_WARN_SUSPICIOUS_MOVE = YES;
				CLANG_WARN_UNGUARDED_AVAILABILITY = YES_AGGRESSIVE;
				CLANG_WARN_UNREACHABLE_CODE = YES;
				CLANG_WARN__DUPLICATE_METHOD_MATCH = YES;
				COPY_PHASE_STRIP = NO;
				DEBUG_INFORMATION_FORMAT = "dwarf-with-dsym";
				ENABLE_NS_ASSERTIONS = NO;
				ENABLE_STRICT_OBJC_MSGSEND = YES;
				GCC_C_LANGUAGE_STANDARD = gnu11;
				GCC_NO_COMMON_BLOCKS = YES;
				GCC_WARN_64_TO_32_BIT_CONVERSION = YES;
				GCC_WARN_ABOUT_RETURN_TYPE = YES_ERROR;
				GCC_WARN_UNDECLARED_SELECTOR = YES;
				GCC_WARN_UNINITIALIZED_AUTOS = YES_AGGRESSIVE;
				GCC_WARN_UNUSED_FUNCTION = YES;
				GCC_WARN_UNUSED_VARIABLE = YES;
				IPHONEOS_DEPLOYMENT_TARGET = 15.2;
				MTL_ENABLE_DEBUG_INFO = NO;
				MTL_FAST_MATH = YES;
				SDKROOT = iphoneos;
				SWIFT_COMPILATION_MODE = wholemodule;
				SWIFT_OPTIMIZATION_LEVEL = "-O";
				VALIDATE_PRODUCT = YES;
			};
			name = Release;
		};
		B7F1E95527FCECB700759990 /* Debug */ = {
			isa = XCBuildConfiguration;
			baseConfigurationReference = 771A5F0A293E747C32DEC69A /* Pods-PlantCare.debug.xcconfig */;
			buildSettings = {
				ASSETCATALOG_COMPILER_APPICON_NAME = AppIcon;
				ASSETCATALOG_COMPILER_GLOBAL_ACCENT_COLOR_NAME = AccentColor;
				CODE_SIGN_STYLE = Automatic;
				CURRENT_PROJECT_VERSION = 1;
				GENERATE_INFOPLIST_FILE = YES;
				INFOPLIST_FILE = PlantCare/Info.plist;
				INFOPLIST_KEY_UIApplicationSupportsIndirectInputEvents = YES;
				INFOPLIST_KEY_UILaunchStoryboardName = LaunchScreen;
				INFOPLIST_KEY_UIMainStoryboardFile = Main;
				INFOPLIST_KEY_UISupportedInterfaceOrientations_iPad = "UIInterfaceOrientationPortrait UIInterfaceOrientationPortraitUpsideDown UIInterfaceOrientationLandscapeLeft UIInterfaceOrientationLandscapeRight";
				INFOPLIST_KEY_UISupportedInterfaceOrientations_iPhone = "UIInterfaceOrientationPortrait UIInterfaceOrientationLandscapeLeft UIInterfaceOrientationLandscapeRight";
				LD_RUNPATH_SEARCH_PATHS = (
					"$(inherited)",
					"@executable_path/Frameworks",
				);
				MARKETING_VERSION = 1.0;
				PRODUCT_BUNDLE_IDENTIFIER = com.PlantCare;
				PRODUCT_NAME = "$(TARGET_NAME)";
				SWIFT_EMIT_LOC_STRINGS = YES;
				SWIFT_VERSION = 5.0;
				TARGETED_DEVICE_FAMILY = "1,2";
			};
			name = Debug;
		};
		B7F1E95627FCECB700759990 /* Release */ = {
			isa = XCBuildConfiguration;
			baseConfigurationReference = B45A0F618998272190E97844 /* Pods-PlantCare.release.xcconfig */;
			buildSettings = {
				ASSETCATALOG_COMPILER_APPICON_NAME = AppIcon;
				ASSETCATALOG_COMPILER_GLOBAL_ACCENT_COLOR_NAME = AccentColor;
				CODE_SIGN_STYLE = Automatic;
				CURRENT_PROJECT_VERSION = 1;
				GENERATE_INFOPLIST_FILE = YES;
				INFOPLIST_FILE = PlantCare/Info.plist;
				INFOPLIST_KEY_UIApplicationSupportsIndirectInputEvents = YES;
				INFOPLIST_KEY_UILaunchStoryboardName = LaunchScreen;
				INFOPLIST_KEY_UIMainStoryboardFile = Main;
				INFOPLIST_KEY_UISupportedInterfaceOrientations_iPad = "UIInterfaceOrientationPortrait UIInterfaceOrientationPortraitUpsideDown UIInterfaceOrientationLandscapeLeft UIInterfaceOrientationLandscapeRight";
				INFOPLIST_KEY_UISupportedInterfaceOrientations_iPhone = "UIInterfaceOrientationPortrait UIInterfaceOrientationLandscapeLeft UIInterfaceOrientationLandscapeRight";
				LD_RUNPATH_SEARCH_PATHS = (
					"$(inherited)",
					"@executable_path/Frameworks",
				);
				MARKETING_VERSION = 1.0;
				PRODUCT_BUNDLE_IDENTIFIER = com.PlantCare;
				PRODUCT_NAME = "$(TARGET_NAME)";
				SWIFT_EMIT_LOC_STRINGS = YES;
				SWIFT_VERSION = 5.0;
				TARGETED_DEVICE_FAMILY = "1,2";
			};
			name = Release;
		};
		B7F1E95827FCECB700759990 /* Debug */ = {
			isa = XCBuildConfiguration;
			buildSettings = {
				ALWAYS_EMBED_SWIFT_STANDARD_LIBRARIES = YES;
				BUNDLE_LOADER = "$(TEST_HOST)";
				CODE_SIGN_STYLE = Automatic;
				CURRENT_PROJECT_VERSION = 1;
				GENERATE_INFOPLIST_FILE = YES;
				IPHONEOS_DEPLOYMENT_TARGET = 15.2;
				MARKETING_VERSION = 1.0;
				PRODUCT_BUNDLE_IDENTIFIER = com.PlantCareTests;
				PRODUCT_NAME = "$(TARGET_NAME)";
				SWIFT_EMIT_LOC_STRINGS = NO;
				SWIFT_VERSION = 5.0;
				TARGETED_DEVICE_FAMILY = "1,2";
				TEST_HOST = "$(BUILT_PRODUCTS_DIR)/PlantCare.app/PlantCare";
			};
			name = Debug;
		};
		B7F1E95927FCECB700759990 /* Release */ = {
			isa = XCBuildConfiguration;
			buildSettings = {
				ALWAYS_EMBED_SWIFT_STANDARD_LIBRARIES = YES;
				BUNDLE_LOADER = "$(TEST_HOST)";
				CODE_SIGN_STYLE = Automatic;
				CURRENT_PROJECT_VERSION = 1;
				GENERATE_INFOPLIST_FILE = YES;
				IPHONEOS_DEPLOYMENT_TARGET = 15.2;
				MARKETING_VERSION = 1.0;
				PRODUCT_BUNDLE_IDENTIFIER = com.PlantCareTests;
				PRODUCT_NAME = "$(TARGET_NAME)";
				SWIFT_EMIT_LOC_STRINGS = NO;
				SWIFT_VERSION = 5.0;
				TARGETED_DEVICE_FAMILY = "1,2";
				TEST_HOST = "$(BUILT_PRODUCTS_DIR)/PlantCare.app/PlantCare";
			};
			name = Release;
		};
		B7F1E95B27FCECB700759990 /* Debug */ = {
			isa = XCBuildConfiguration;
			buildSettings = {
				ALWAYS_EMBED_SWIFT_STANDARD_LIBRARIES = YES;
				CODE_SIGN_STYLE = Automatic;
				CURRENT_PROJECT_VERSION = 1;
				GENERATE_INFOPLIST_FILE = YES;
				MARKETING_VERSION = 1.0;
				PRODUCT_BUNDLE_IDENTIFIER = com.PlantCareUITests;
				PRODUCT_NAME = "$(TARGET_NAME)";
				SWIFT_EMIT_LOC_STRINGS = NO;
				SWIFT_VERSION = 5.0;
				TARGETED_DEVICE_FAMILY = "1,2";
				TEST_TARGET_NAME = PlantCare;
			};
			name = Debug;
		};
		B7F1E95C27FCECB700759990 /* Release */ = {
			isa = XCBuildConfiguration;
			buildSettings = {
				ALWAYS_EMBED_SWIFT_STANDARD_LIBRARIES = YES;
				CODE_SIGN_STYLE = Automatic;
				CURRENT_PROJECT_VERSION = 1;
				GENERATE_INFOPLIST_FILE = YES;
				MARKETING_VERSION = 1.0;
				PRODUCT_BUNDLE_IDENTIFIER = com.PlantCareUITests;
				PRODUCT_NAME = "$(TARGET_NAME)";
				SWIFT_EMIT_LOC_STRINGS = NO;
				SWIFT_VERSION = 5.0;
				TARGETED_DEVICE_FAMILY = "1,2";
				TEST_TARGET_NAME = PlantCare;
			};
			name = Release;
		};
/* End XCBuildConfiguration section */

/* Begin XCConfigurationList section */
		B7F1E92527FCECB500759990 /* Build configuration list for PBXProject "PlantCare" */ = {
			isa = XCConfigurationList;
			buildConfigurations = (
				B7F1E95227FCECB700759990 /* Debug */,
				B7F1E95327FCECB700759990 /* Release */,
			);
			defaultConfigurationIsVisible = 0;
			defaultConfigurationName = Release;
		};
		B7F1E95427FCECB700759990 /* Build configuration list for PBXNativeTarget "PlantCare" */ = {
			isa = XCConfigurationList;
			buildConfigurations = (
				B7F1E95527FCECB700759990 /* Debug */,
				B7F1E95627FCECB700759990 /* Release */,
			);
			defaultConfigurationIsVisible = 0;
			defaultConfigurationName = Release;
		};
		B7F1E95727FCECB700759990 /* Build configuration list for PBXNativeTarget "PlantCareTests" */ = {
			isa = XCConfigurationList;
			buildConfigurations = (
				B7F1E95827FCECB700759990 /* Debug */,
				B7F1E95927FCECB700759990 /* Release */,
			);
			defaultConfigurationIsVisible = 0;
			defaultConfigurationName = Release;
		};
		B7F1E95A27FCECB700759990 /* Build configuration list for PBXNativeTarget "PlantCareUITests" */ = {
			isa = XCConfigurationList;
			buildConfigurations = (
				B7F1E95B27FCECB700759990 /* Debug */,
				B7F1E95C27FCECB700759990 /* Release */,
			);
			defaultConfigurationIsVisible = 0;
			defaultConfigurationName = Release;
		};
/* End XCConfigurationList section */
	};
	rootObject = B7F1E92227FCECB500759990 /* Project object */;
}
